# THIS IS AN AUTOGENERATED FILE. DO NOT EDIT THIS FILE DIRECTLY.
# yarn lockfile v1


natlib@^0.1.0:
  version "0.1.0"
  resolved "https://registry.yarnpkg.com/natlib/-/natlib-0.1.0.tgz#a8b2f687ec58c2ed60fc0587f44286349389d4bd"
  integrity sha512-bj+9BCdISsDKgCPEFI/qetCnPSNhZS87rYYh2Q6idvY9ZA0uDc3fi84BfZgbK8POzr1+F73Yhi0g8EPddjJDfw==
